
Microsoft Visual Studio Solution File, Format Version 12.00
# Visual Studio Version 17
VisualStudioVersion = 17.8.34330.188
MinimumVisualStudioVersion = 10.0.40219.1
Project("{FAE04EC0-301F-11D3-BF4B-00C04F79EFBC}") = "CircusTreinChallenge", "CircusTreinChallenge\CircusTreinChallenge.csproj", "{73F9DC90-BFAC-4CEF-8D07-B1F41DCB6B35}"
EndProject
Global
	GlobalSection(SolutionConfigurationPlatforms) = preSolution
		Debug|Any CPU = Debug|Any CPU
		Release|Any CPU = Release|Any CPU
	EndGlobalSection
	GlobalSection(ProjectConfigurationPlatforms) = postSolution
		{73F9DC90-BFAC-4CEF-8D07-B1F41DCB6B35}.Debug|Any CPU.ActiveCfg = Debug|Any CPU
		{73F9DC90-BFAC-4CEF-8D07-B1F41DCB6B35}.Debug|Any CPU.Build.0 = Debug|Any CPU
		{73F9DC90-BFAC-4CEF-8D07-B1F41DCB6B35}.Release|Any CPU.ActiveCfg = Release|Any CPU
		{73F9DC90-BFAC-4CEF-8D07-B1F41DCB6B35}.Release|Any CPU.Build.0 = Release|Any CPU
	EndGlobalSection
	GlobalSection(SolutionProperties) = preSolution
		HideSolutionNode = FALSE
	EndGlobalSection
	GlobalSection(ExtensibilityGlobals) = postSolution
		SolutionGuid = {FD9E9DB4-92C0-4801-A799-8E29BC5D3E20}
	EndGlobalSection
EndGlobal
